
Microsoft Visual Studio Solution File, Format Version 12.00
# Visual Studio Version 17
VisualStudioVersion = 17.3.32922.545
MinimumVisualStudioVersion = 10.0.40219.1
Project("{FAE04EC0-301F-11D3-BF4B-00C04F79EFBC}") = "CrestronSandboxLibrarySample", "src\CrestronSandboxLibrarySample\CrestronSandboxLibrarySample.csproj", "{DA98CEF3-5021-4990-B03A-9CB34D782E23}"
	ProjectSection(ProjectDependencies) = postProject
		{1EA64981-78D9-4614-84F2-0606FD685AC9} = {1EA64981-78D9-4614-84F2-0606FD685AC9}
	EndProjectSection
EndProject
Project("{FAE04EC0-301F-11D3-BF4B-00C04F79EFBC}") = "CrestronSandboxProgramSample", "src\CrestronSandboxProgramSample\CrestronSandboxProgramSample.csproj", "{23B50C84-D1BE-4219-8FAE-13B419E24582}"
	ProjectSection(ProjectDependencies) = postProject
		{1EA64981-78D9-4614-84F2-0606FD685AC9} = {1EA64981-78D9-4614-84F2-0606FD685AC9}
	EndProjectSection
EndProject
Project("{FAE04EC0-301F-11D3-BF4B-00C04F79EFBC}") = "SignForCrestronSandboxTask", "src\SignForCrestronSandboxTask\SignForCrestronSandboxTask.csproj", "{1EA64981-78D9-4614-84F2-0606FD685AC9}"
EndProject
Global
	GlobalSection(SolutionConfigurationPlatforms) = preSolution
		Debug|Any CPU = Debug|Any CPU
		Debug|x86 = Debug|x86
		Release|Any CPU = Release|Any CPU
		Release|x86 = Release|x86
	EndGlobalSection
	GlobalSection(ProjectConfigurationPlatforms) = postSolution
		{DA98CEF3-5021-4990-B03A-9CB34D782E23}.Debug|Any CPU.ActiveCfg = Debug|Any CPU
		{DA98CEF3-5021-4990-B03A-9CB34D782E23}.Debug|Any CPU.Build.0 = Debug|Any CPU
		{DA98CEF3-5021-4990-B03A-9CB34D782E23}.Debug|x86.ActiveCfg = Debug|Any CPU
		{DA98CEF3-5021-4990-B03A-9CB34D782E23}.Debug|x86.Build.0 = Debug|Any CPU
		{DA98CEF3-5021-4990-B03A-9CB34D782E23}.Release|Any CPU.ActiveCfg = Release|Any CPU
		{DA98CEF3-5021-4990-B03A-9CB34D782E23}.Release|Any CPU.Build.0 = Release|Any CPU
		{DA98CEF3-5021-4990-B03A-9CB34D782E23}.Release|x86.ActiveCfg = Release|Any CPU
		{DA98CEF3-5021-4990-B03A-9CB34D782E23}.Release|x86.Build.0 = Release|Any CPU
		{23B50C84-D1BE-4219-8FAE-13B419E24582}.Debug|Any CPU.ActiveCfg = Debug|Any CPU
		{23B50C84-D1BE-4219-8FAE-13B419E24582}.Debug|Any CPU.Build.0 = Debug|Any CPU
		{23B50C84-D1BE-4219-8FAE-13B419E24582}.Debug|x86.ActiveCfg = Debug|Any CPU
		{23B50C84-D1BE-4219-8FAE-13B419E24582}.Release|Any CPU.ActiveCfg = Release|Any CPU
		{23B50C84-D1BE-4219-8FAE-13B419E24582}.Release|Any CPU.Build.0 = Release|Any CPU
		{23B50C84-D1BE-4219-8FAE-13B419E24582}.Release|x86.ActiveCfg = Release|Any CPU
		{1EA64981-78D9-4614-84F2-0606FD685AC9}.Debug|Any CPU.ActiveCfg = Debug|Any CPU
		{1EA64981-78D9-4614-84F2-0606FD685AC9}.Debug|Any CPU.Build.0 = Debug|Any CPU
		{1EA64981-78D9-4614-84F2-0606FD685AC9}.Debug|x86.ActiveCfg = Debug|Any CPU
		{1EA64981-78D9-4614-84F2-0606FD685AC9}.Debug|x86.Build.0 = Debug|Any CPU
		{1EA64981-78D9-4614-84F2-0606FD685AC9}.Release|Any CPU.ActiveCfg = Release|Any CPU
		{1EA64981-78D9-4614-84F2-0606FD685AC9}.Release|Any CPU.Build.0 = Release|Any CPU
		{1EA64981-78D9-4614-84F2-0606FD685AC9}.Release|x86.ActiveCfg = Release|Any CPU
		{1EA64981-78D9-4614-84F2-0606FD685AC9}.Release|x86.Build.0 = Release|Any CPU
	EndGlobalSection
	GlobalSection(SolutionProperties) = preSolution
		HideSolutionNode = FALSE
	EndGlobalSection
	GlobalSection(ExtensibilityGlobals) = postSolution
		SolutionGuid = {B0432406-EE70-46AB-A577-58B970B63F6D}
	EndGlobalSection
EndGlobal
